{
  "name": "@gulinga/npm_test1",
  "version": "1.0.0",
  "lockfileVersion": 1,
  "requires": true,
  "dependencies": {
    "@gulinga/npm_test": {
      "version": "1.0.0",
      "resolved": "https://registry.npmjs.org/@gulinga/npm_test/-/npm_test-1.0.0.tgz",
      "integrity": "sha512-rnHyPx0iaNZrUEm9qlZb4zVyq7RptpwEfO4azpKWABNUTgkFlFB4WPO8dUkudr53L1Ld7jSKd6ttN7uhpYGbww=="
    }
  }
}
